
Microsoft Visual Studio Solution File, Format Version 12.00
# Visual Studio Version 16
VisualStudioVersion = 16.0.30621.155
MinimumVisualStudioVersion = 10.0.40219.1
Project("{FAE04EC0-301F-11D3-BF4B-00C04F79EFBC}") = "My Restaurant", "My Restaurant\My Restaurant.csproj", "{A9F16250-D6AC-4610-9509-1FDB84243B87}"
EndProject
Global
	GlobalSection(SolutionConfigurationPlatforms) = preSolution
		Debug|Any CPU = Debug|Any CPU
		Release|Any CPU = Release|Any CPU
	EndGlobalSection
	GlobalSection(ProjectConfigurationPlatforms) = postSolution
		{A9F16250-D6AC-4610-9509-1FDB84243B87}.Debug|Any CPU.ActiveCfg = Debug|Any CPU
		{A9F16250-D6AC-4610-9509-1FDB84243B87}.Debug|Any CPU.Build.0 = Debug|Any CPU
		{A9F16250-D6AC-4610-9509-1FDB84243B87}.Release|Any CPU.ActiveCfg = Release|Any CPU
		{A9F16250-D6AC-4610-9509-1FDB84243B87}.Release|Any CPU.Build.0 = Release|Any CPU
	EndGlobalSection
	GlobalSection(SolutionProperties) = preSolution
		HideSolutionNode = FALSE
	EndGlobalSection
	GlobalSection(ExtensibilityGlobals) = postSolution
		SolutionGuid = {06D601E6-9E5D-4E1E-9D5E-2DCAA0C35E06}
	EndGlobalSection
EndGlobal
